{
  "name": "server",
  "lockfileVersion": 3,
  "requires": true,
  "packages": {
    "": {
      "dependencies": {
        "@prisma/client": "^6.1.0"
      },
      "devDependencies": {
        "webpack-node-externals": "^3.0.0"
      }
    },
    "node_modules/@prisma/client": {
      "version": "6.1.0",
      "resolved": "https://registry.npmjs.org/@prisma/client/-/client-6.1.0.tgz",
      "integrity": "sha512-AbQYc5+EJKm1Ydfq3KxwcGiy7wIbm4/QbjCKWWoNROtvy7d6a3gmAGkKjK0iUCzh+rHV8xDhD5Cge8ke/kiy5Q==",
      "hasInstallScript": true,
      "license": "Apache-2.0",
      "engines": {
        "node": ">=18.18"
      },
      "peerDependencies": {
        "prisma": "*"
      },
      "peerDependenciesMeta": {
        "prisma": {
          "optional": true
        }
      }
    },
    "node_modules/webpack-node-externals": {
      "version": "3.0.0",
      "resolved": "https://registry.npmjs.org/webpack-node-externals/-/webpack-node-externals-3.0.0.tgz",
      "integrity": "sha512-LnL6Z3GGDPht/AigwRh2dvL9PQPFQ8skEpVrWZXLWBYmqcaojHNN0onvHzie6rq7EWKrrBfPYqNEzTJgiwEQDQ==",
      "dev": true,
      "license": "MIT",
      "engines": {
        "node": ">=6"
      }
    }
  }
}
